
Microsoft Visual Studio Solution File, Format Version 12.00
# Visual Studio 14
VisualStudioVersion = 14.0.23107.0
MinimumVisualStudioVersion = 10.0.40219.1
Project("{2150E333-8FDC-42A3-9474-1A3956D46DE8}") = "src", "src", "{FD9AFDF1-E3CB-4115-8023-BC7FE03C4499}"
EndProject
Project("{2150E333-8FDC-42A3-9474-1A3956D46DE8}") = "Solution Items", "Solution Items", "{0F39F94B-B53D-4E03-ADE9-F3A4B8FC8C99}"
	ProjectSection(SolutionItems) = preProject
		global.json = global.json
	EndProjectSection
EndProject
Project("{FAE04EC0-301F-11D3-BF4B-00C04F79EFBC}") = "FormationConsole", "FormationConsole\FormationConsole.csproj", "{FD24790B-F134-45D6-B8BB-512A3478EB58}"
EndProject
Project("{FAE04EC0-301F-11D3-BF4B-00C04F79EFBC}") = "FormationLibrary", "FormationLibrary\FormationLibrary.csproj", "{9046DFF4-A245-4208-B481-EBDAAF73383A}"
EndProject
Project("{FAE04EC0-301F-11D3-BF4B-00C04F79EFBC}") = "FormationUnitTest", "FormationUnitTest\FormationUnitTest.csproj", "{BB9C3D5D-4371-4166-BB90-7C74E0F9FC5E}"
EndProject
Project("{FAE04EC0-301F-11D3-BF4B-00C04F79EFBC}") = "FormationEF", "FormationEF\FormationEF.csproj", "{37BD3BDB-5A6F-43C7-B9C3-525B3BC1BE25}"
EndProject
Project("{FAE04EC0-301F-11D3-BF4B-00C04F79EFBC}") = "FormationEFTest", "FormationEFTest\FormationEFTest.csproj", "{7D291012-48C7-400C-AE9A-9C1F8F4AE789}"
EndProject
Global
	GlobalSection(SolutionConfigurationPlatforms) = preSolution
		Debug|Any CPU = Debug|Any CPU
		Release|Any CPU = Release|Any CPU
	EndGlobalSection
	GlobalSection(ProjectConfigurationPlatforms) = postSolution
		{FD24790B-F134-45D6-B8BB-512A3478EB58}.Debug|Any CPU.ActiveCfg = Debug|Any CPU
		{FD24790B-F134-45D6-B8BB-512A3478EB58}.Debug|Any CPU.Build.0 = Debug|Any CPU
		{FD24790B-F134-45D6-B8BB-512A3478EB58}.Release|Any CPU.ActiveCfg = Release|Any CPU
		{FD24790B-F134-45D6-B8BB-512A3478EB58}.Release|Any CPU.Build.0 = Release|Any CPU
		{9046DFF4-A245-4208-B481-EBDAAF73383A}.Debug|Any CPU.ActiveCfg = Debug|Any CPU
		{9046DFF4-A245-4208-B481-EBDAAF73383A}.Debug|Any CPU.Build.0 = Debug|Any CPU
		{9046DFF4-A245-4208-B481-EBDAAF73383A}.Release|Any CPU.ActiveCfg = Release|Any CPU
		{9046DFF4-A245-4208-B481-EBDAAF73383A}.Release|Any CPU.Build.0 = Release|Any CPU
		{BB9C3D5D-4371-4166-BB90-7C74E0F9FC5E}.Debug|Any CPU.ActiveCfg = Debug|Any CPU
		{BB9C3D5D-4371-4166-BB90-7C74E0F9FC5E}.Debug|Any CPU.Build.0 = Debug|Any CPU
		{BB9C3D5D-4371-4166-BB90-7C74E0F9FC5E}.Release|Any CPU.ActiveCfg = Release|Any CPU
		{BB9C3D5D-4371-4166-BB90-7C74E0F9FC5E}.Release|Any CPU.Build.0 = Release|Any CPU
		{37BD3BDB-5A6F-43C7-B9C3-525B3BC1BE25}.Debug|Any CPU.ActiveCfg = Debug|Any CPU
		{37BD3BDB-5A6F-43C7-B9C3-525B3BC1BE25}.Debug|Any CPU.Build.0 = Debug|Any CPU
		{37BD3BDB-5A6F-43C7-B9C3-525B3BC1BE25}.Release|Any CPU.ActiveCfg = Release|Any CPU
		{37BD3BDB-5A6F-43C7-B9C3-525B3BC1BE25}.Release|Any CPU.Build.0 = Release|Any CPU
		{7D291012-48C7-400C-AE9A-9C1F8F4AE789}.Debug|Any CPU.ActiveCfg = Debug|Any CPU
		{7D291012-48C7-400C-AE9A-9C1F8F4AE789}.Debug|Any CPU.Build.0 = Debug|Any CPU
		{7D291012-48C7-400C-AE9A-9C1F8F4AE789}.Release|Any CPU.ActiveCfg = Release|Any CPU
		{7D291012-48C7-400C-AE9A-9C1F8F4AE789}.Release|Any CPU.Build.0 = Release|Any CPU
	EndGlobalSection
	GlobalSection(SolutionProperties) = preSolution
		HideSolutionNode = FALSE
	EndGlobalSection
EndGlobal
